// !$*UTF8*$!
{
	archiveVersion = 1;
	classes = {
	};
	objectVersion = 46;
	objects = {

/* Begin PBXBuildFile section */
		3ACD36E21E52544700BC7B37 /* AppDelegate.swift in Sources */ = {isa = PBXBuildFile; fileRef = 3ACD36E11E52544700BC7B37 /* AppDelegate.swift */; };
		3ACD36E41E52544700BC7B37 /* ViewController.swift in Sources */ = {isa = PBXBuildFile; fileRef = 3ACD36E31E52544700BC7B37 /* ViewController.swift */; };
		3ACD36E71E52544700BC7B37 /* Main.storyboard in Resources */ = {isa = PBXBuildFile; fileRef = 3ACD36E51E52544700BC7B37 /* Main.storyboard */; };
		3ACD36E91E52544700BC7B37 /* Assets.xcassets in Resources */ = {isa = PBXBuildFile; fileRef = 3ACD36E81E52544700BC7B37 /* Assets.xcassets */; };
		3ACD36EC1E52544700BC7B37 /* LaunchScreen.storyboard in Resources */ = {isa = PBXBuildFile; fileRef = 3ACD36EA1E52544700BC7B37 /* LaunchScreen.storyboard */; };
		3ACD36F71E52544700BC7B37 /* Outlets_and_ActionsTests.swift in Sources */ = {isa = PBXBuildFile; fileRef = 3ACD36F61E52544700BC7B37 /* Outlets_and_ActionsTests.swift */; };
		3ACD37021E52544700BC7B37 /* Outlets_and_ActionsUITests.swift in Sources */ = {isa = PBXBuildFile; fileRef = 3ACD37011E52544700BC7B37 /* Outlets_and_ActionsUITests.swift */; };
/* End PBXBuildFile section */

/* Begin PBXContainerItemProxy section */
		3ACD36F31E52544700BC7B37 /* PBXContainerItemProxy */ = {
			isa = PBXContainerItemProxy;
			containerPortal = 3ACD36D61E52544700BC7B37 /* Project object */;
			proxyType = 1;
			remoteGlobalIDString = 3ACD36DD1E52544700BC7B37;
			remoteInfo = "Outlets and Actions";
		};
		3ACD36FE1E52544700BC7B37 /* PBXContainerItemProxy */ = {
			isa = PBXContainerItemProxy;
			containerPortal = 3ACD36D61E52544700BC7B37 /* Project object */;
			proxyType = 1;
			remoteGlobalIDString = 3ACD36DD1E52544700BC7B37;
			remoteInfo = "Outlets and Actions";
		};
/* End PBXContainerItemProxy section */

/* Begin PBXFileReference section */
		3ACD36DE1E52544700BC7B37 /* Outlets and Actions.app */ = {isa = PBXFileReference; explicitFileType = wrapper.application; includeInIndex = 0; path = "Outlets and Actions.app"; sourceTree = BUILT_PRODUCTS_DIR; };
		3ACD36E11E52544700BC7B37 /* AppDelegate.swift */ = {isa = PBXFileReference; lastKnownFileType = sourcecode.swift; path = AppDelegate.swift; sourceTree = "<group>"; };
		3ACD36E31E52544700BC7B37 /* ViewController.swift */ = {isa = PBXFileReference; lastKnownFileType = sourcecode.swift; path = ViewController.swift; sourceTree = "<group>"; };
		3ACD36E61E52544700BC7B37 /* Base */ = {isa = PBXFileReference; lastKnownFileType = file.storyboard; name = Base; path = Base.lproj/Main.storyboard; sourceTree = "<group>"; };
		3ACD36E81E52544700BC7B37 /* Assets.xcassets */ = {isa = PBXFileReference; lastKnownFileType = folder.assetcatalog; path = Assets.xcassets; sourceTree = "<group>"; };
		3ACD36EB1E52544700BC7B37 /* Base */ = {isa = PBXFileReference; lastKnownFileType = file.storyboard; name = Base; path = Base.lproj/LaunchScreen.storyboard; sourceTree = "<group>"; };
		3ACD36ED1E52544700BC7B37 /* Info.plist */ = {isa = PBXFileReference; lastKnownFileType = text.plist.xml; path = Info.plist; sourceTree = "<group>"; };
		3ACD36F21E52544700BC7B37 /* Outlets and ActionsTests.xctest */ = {isa = PBXFileReference; explicitFileType = wrapper.cfbundle; includeInIndex = 0; path = "Outlets and ActionsTests.xctest"; sourceTree = BUILT_PRODUCTS_DIR; };
		3ACD36F61E52544700BC7B37 /* Outlets_and_ActionsTests.swift */ = {isa = PBXFileReference; lastKnownFileType = sourcecode.swift; path = Outlets_and_ActionsTests.swift; sourceTree = "<group>"; };
		3ACD36F81E52544700BC7B37 /* Info.plist */ = {isa = PBXFileReference; lastKnownFileType = text.plist.xml; path = Info.plist; sourceTree = "<group>"; };
		3ACD36FD1E52544700BC7B37 /* Outlets and ActionsUITests.xctest */ = {isa = PBXFileReference; explicitFileType = wrapper.cfbundle; includeInIndex = 0; path = "Outlets and ActionsUITests.xctest"; sourceTree = BUILT_PRODUCTS_DIR; };
		3ACD37011E52544700BC7B37 /* Outlets_and_ActionsUITests.swift */ = {isa = PBXFileReference; lastKnownFileType = sourcecode.swift; path = Outlets_and_ActionsUITests.swift; sourceTree = "<group>"; };
		3ACD37031E52544700BC7B37 /* Info.plist */ = {isa = PBXFileReference; lastKnownFileType = text.plist.xml; path = Info.plist; sourceTree = "<group>"; };
/* End PBXFileReference section */

/* Begin PBXFrameworksBuildPhase section */
		3ACD36DB1E52544700BC7B37 /* Frameworks */ = {
			isa = PBXFrameworksBuildPhase;
			buildActionMask = 2147483647;
			files = (
			);
			runOnlyForDeploymentPostprocessing = 0;
		};
		3ACD36EF1E52544700BC7B37 /* Frameworks */ = {
			isa = PBXFrameworksBuildPhase;
			buildActionMask = 2147483647;
			files = (
			);
			runOnlyForDeploymentPostprocessing = 0;
		};
		3ACD36FA1E52544700BC7B37 /* Frameworks */ = {
			isa = PBXFrameworksBuildPhase;
			buildActionMask = 2147483647;
			files = (
			);
			runOnlyForDeploymentPostprocessing = 0;
		};
/* End PBXFrameworksBuildPhase section */

/* Begin PBXGroup section */
		3ACD36D51E52544700BC7B37 = {
			isa = PBXGroup;
			children = (
				3ACD36E01E52544700BC7B37 /* Outlets and Actions */,
				3ACD36F51E52544700BC7B37 /* Outlets and ActionsTests */,
				3ACD37001E52544700BC7B37 /* Outlets and ActionsUITests */,
				3ACD36DF1E52544700BC7B37 /* Products */,
			);
			sourceTree = "<group>";
		};
		3ACD36DF1E52544700BC7B37 /* Products */ = {
			isa = PBXGroup;
			children = (
				3ACD36DE1E52544700BC7B37 /* Outlets and Actions.app */,
				3ACD36F21E52544700BC7B37 /* Outlets and ActionsTests.xctest */,
				3ACD36FD1E52544700BC7B37 /* Outlets and ActionsUITests.xctest */,
			);
			name = Products;
			sourceTree = "<group>";
		};
		3ACD36E01E52544700BC7B37 /* Outlets and Actions */ = {
			isa = PBXGroup;
			children = (
				3ACD36E11E52544700BC7B37 /* AppDelegate.swift */,
				3ACD36E31E52544700BC7B37 /* ViewController.swift */,
				3ACD36E51E52544700BC7B37 /* Main.storyboard */,
				3ACD36E81E52544700BC7B37 /* Assets.xcassets */,
				3ACD36EA1E52544700BC7B37 /* LaunchScreen.storyboard */,
				3ACD36ED1E52544700BC7B37 /* Info.plist */,
			);
			path = "Outlets and Actions";
			sourceTree = "<group>";
		};
		3ACD36F51E52544700BC7B37 /* Outlets and ActionsTests */ = {
			isa = PBXGroup;
			children = (
				3ACD36F61E52544700BC7B37 /* Outlets_and_ActionsTests.swift */,
				3ACD36F81E52544700BC7B37 /* Info.plist */,
			);
			path = "Outlets and ActionsTests";
			sourceTree = "<group>";
		};
		3ACD37001E52544700BC7B37 /* Outlets and ActionsUITests */ = {
			isa = PBXGroup;
			children = (
				3ACD37011E52544700BC7B37 /* Outlets_and_ActionsUITests.swift */,
				3ACD37031E52544700BC7B37 /* Info.plist */,
			);
			path = "Outlets and ActionsUITests";
			sourceTree = "<group>";
		};
/* End PBXGroup section */

/* Begin PBXNativeTarget section */
		3ACD36DD1E52544700BC7B37 /* Outlets and Actions */ = {
			isa = PBXNativeTarget;
			buildConfigurationList = 3ACD37061E52544700BC7B37 /* Build configuration list for PBXNativeTarget "Outlets and Actions" */;
			buildPhases = (
				3ACD36DA1E52544700BC7B37 /* Sources */,
				3ACD36DB1E52544700BC7B37 /* Frameworks */,
				3ACD36DC1E52544700BC7B37 /* Resources */,
			);
			buildRules = (
			);
			dependencies = (
			);
			name = "Outlets and Actions";
			productName = "Outlets and Actions";
			productReference = 3ACD36DE1E52544700BC7B37 /* Outlets and Actions.app */;
			productType = "com.apple.product-type.application";
		};
		3ACD36F11E52544700BC7B37 /* Outlets and ActionsTests */ = {
			isa = PBXNativeTarget;
			buildConfigurationList = 3ACD37091E52544700BC7B37 /* Build configuration list for PBXNativeTarget "Outlets and ActionsTests" */;
			buildPhases = (
				3ACD36EE1E52544700BC7B37 /* Sources */,
				3ACD36EF1E52544700BC7B37 /* Frameworks */,
				3ACD36F01E52544700BC7B37 /* Resources */,
			);
			buildRules = (
			);
			dependencies = (
				3ACD36F41E52544700BC7B37 /* PBXTargetDependency */,
			);
			name = "Outlets and ActionsTests";
			productName = "Outlets and ActionsTests";
			productReference = 3ACD36F21E52544700BC7B37 /* Outlets and ActionsTests.xctest */;
			productType = "com.apple.product-type.bundle.unit-test";
		};
		3ACD36FC1E52544700BC7B37 /* Outlets and ActionsUITests */ = {
			isa = PBXNativeTarget;
			buildConfigurationList = 3ACD370C1E52544700BC7B37 /* Build configuration list for PBXNativeTarget "Outlets and ActionsUITests" */;
			buildPhases = (
				3ACD36F91E52544700BC7B37 /* Sources */,
				3ACD36FA1E52544700BC7B37 /* Frameworks */,
				3ACD36FB1E52544700BC7B37 /* Resources */,
			);
			buildRules = (
			);
			dependencies = (
				3ACD36FF1E52544700BC7B37 /* PBXTargetDependency */,
			);
			name = "Outlets and ActionsUITests";
			productName = "Outlets and ActionsUITests";
			productReference = 3ACD36FD1E52544700BC7B37 /* Outlets and ActionsUITests.xctest */;
			productType = "com.apple.product-type.bundle.ui-testing";
		};
/* End PBXNativeTarget section */

/* Begin PBXProject section */
		3ACD36D61E52544700BC7B37 /* Project object */ = {
			isa = PBXProject;
			attributes = {
				LastSwiftUpdateCheck = 0820;
				LastUpgradeCheck = 0820;
				ORGANIZATIONNAME = "Harsh Patel";
				TargetAttributes = {
					3ACD36DD1E52544700BC7B37 = {
						CreatedOnToolsVersion = 8.2.1;
						ProvisioningStyle = Automatic;
					};
					3ACD36F11E52544700BC7B37 = {
						CreatedOnToolsVersion = 8.2.1;
						ProvisioningStyle = Automatic;
						TestTargetID = 3ACD36DD1E52544700BC7B37;
					};
					3ACD36FC1E52544700BC7B37 = {
						CreatedOnToolsVersion = 8.2.1;
						ProvisioningStyle = Automatic;
						TestTargetID = 3ACD36DD1E52544700BC7B37;
					};
				};
			};
			buildConfigurationList = 3ACD36D91E52544700BC7B37 /* Build configuration list for PBXProject "Outlets and Actions" */;
			compatibilityVersion = "Xcode 3.2";
			developmentRegion = English;
			hasScannedForEncodings = 0;
			knownRegions = (
				en,
				Base,
			);
			mainGroup = 3ACD36D51E52544700BC7B37;
			productRefGroup = 3ACD36DF1E52544700BC7B37 /* Products */;
			projectDirPath = "";
			projectRoot = "";
			targets = (
				3ACD36DD1E52544700BC7B37 /* Outlets and Actions */,
				3ACD36F11E52544700BC7B37 /* Outlets and ActionsTests */,
				3ACD36FC1E52544700BC7B37 /* Outlets and ActionsUITests */,
			);
		};
/* End PBXProject section */

/* Begin PBXResourcesBuildPhase section */
		3ACD36DC1E52544700BC7B37 /* Resources */ = {
			isa = PBXResourcesBuildPhase;
			buildActionMask = 2147483647;
			files = (
				3ACD36EC1E52544700BC7B37 /* LaunchScreen.storyboard in Resources */,
				3ACD36E91E52544700BC7B37 /* Assets.xcassets in Resources */,
				3ACD36E71E52544700BC7B37 /* Main.storyboard in Resources */,
			);
			runOnlyForDeploymentPostprocessing = 0;
		};
		3ACD36F01E52544700BC7B37 /* Resources */ = {
			isa = PBXResourcesBuildPhase;
			buildActionMask = 2147483647;
			files = (
			);
			runOnlyForDeploymentPostprocessing = 0;
		};
		3ACD36FB1E52544700BC7B37 /* Resources */ = {
			isa = PBXResourcesBuildPhase;
			buildActionMask = 2147483647;
			files = (
			);
			runOnlyForDeploymentPostprocessing = 0;
		};
/* End PBXResourcesBuildPhase section */

/* Begin PBXSourcesBuildPhase section */
		3ACD36DA1E52544700BC7B37 /* Sources */ = {
			isa = PBXSourcesBuildPhase;
			buildActionMask = 2147483647;
			files = (
				3ACD36E41E52544700BC7B37 /* ViewController.swift in Sources */,
				3ACD36E21E52544700BC7B37 /* AppDelegate.swift in Sources */,
			);
			runOnlyForDeploymentPostprocessing = 0;
		};
		3ACD36EE1E52544700BC7B37 /* Sources */ = {
			isa = PBXSourcesBuildPhase;
			buildActionMask = 2147483647;
			files = (
				3ACD36F71E52544700BC7B37 /* Outlets_and_ActionsTests.swift in Sources */,
			);
			runOnlyForDeploymentPostprocessing = 0;
		};
		3ACD36F91E52544700BC7B37 /* Sources */ = {
			isa = PBXSourcesBuildPhase;
			buildActionMask = 2147483647;
			files = (
				3ACD37021E52544700BC7B37 /* Outlets_and_ActionsUITests.swift in Sources */,
			);
			runOnlyForDeploymentPostprocessing = 0;
		};
/* End PBXSourcesBuildPhase section */

/* Begin PBXTargetDependency section */
		3ACD36F41E52544700BC7B37 /* PBXTargetDependency */ = {
			isa = PBXTargetDependency;
			target = 3ACD36DD1E52544700BC7B37 /* Outlets and Actions */;
			targetProxy = 3ACD36F31E52544700BC7B37 /* PBXContainerItemProxy */;
		};
		3ACD36FF1E52544700BC7B37 /* PBXTargetDependency */ = {
			isa = PBXTargetDependency;
			target = 3ACD36DD1E52544700BC7B37 /* Outlets and Actions */;
			targetProxy = 3ACD36FE1E52544700BC7B37 /* PBXContainerItemProxy */;
		};
/* End PBXTargetDependency section */

/* Begin PBXVariantGroup section */
		3ACD36E51E52544700BC7B37 /* Main.storyboard */ = {
			isa = PBXVariantGroup;
			children = (
				3ACD36E61E52544700BC7B37 /* Base */,
			);
			name = Main.storyboard;
			sourceTree = "<group>";
		};
		3ACD36EA1E52544700BC7B37 /* LaunchScreen.storyboard */ = {
			isa = PBXVariantGroup;
			children = (
				3ACD36EB1E52544700BC7B37 /* Base */,
			);
			name = LaunchScreen.storyboard;
			sourceTree = "<group>";
		};
/* End PBXVariantGroup section */

/* Begin XCBuildConfiguration section */
		3ACD37041E52544700BC7B37 /* Debug */ = {
			isa = XCBuildConfiguration;
			buildSettings = {
				ALWAYS_SEARCH_USER_PATHS = NO;
				CLANG_ANALYZER_NONNULL = YES;
				CLANG_CXX_LANGUAGE_STANDARD = "gnu++0x";
				CLANG_CXX_LIBRARY = "libc++";
				CLANG_ENABLE_MODULES = YES;
				CLANG_ENABLE_OBJC_ARC = YES;
				CLANG_WARN_BOOL_CONVERSION = YES;
				CLANG_WARN_CONSTANT_CONVERSION = YES;
				CLANG_WARN_DIRECT_OBJC_ISA_USAGE = YES_ERROR;
				CLANG_WARN_DOCUMENTATION_COMMENTS = YES;
				CLANG_WARN_EMPTY_BODY = YES;
				CLANG_WARN_ENUM_CONVERSION = YES;
				CLANG_WARN_INFINITE_RECURSION = YES;
				CLANG_WARN_INT_CONVERSION = YES;
				CLANG_WARN_OBJC_ROOT_CLASS = YES_ERROR;
				CLANG_WARN_SUSPICIOUS_MOVE = YES;
				CLANG_WARN_UNREACHABLE_CODE = YES;
				CLANG_WARN__DUPLICATE_METHOD_MATCH = YES;
				"CODE_SIGN_IDENTITY[sdk=iphoneos*]" = "iPhone Developer";
				COPY_PHASE_STRIP = NO;
				DEBUG_INFORMATION_FORMAT = dwarf;
				ENABLE_STRICT_OBJC_MSGSEND = YES;
				ENABLE_TESTABILITY = YES;
				GCC_C_LANGUAGE_STANDARD = gnu99;
				GCC_DYNAMIC_NO_PIC = NO;
				GCC_NO_COMMON_BLOCKS = YES;
				GCC_OPTIMIZATION_LEVEL = 0;
				GCC_PREPROCESSOR_DEFINITIONS = (
					"DEBUG=1",
					"$(inherited)",
				);
				GCC_WARN_64_TO_32_BIT_CONVERSION = YES;
				GCC_WARN_ABOUT_RETURN_TYPE = YES_ERROR;
				GCC_WARN_UNDECLARED_SELECTOR = YES;
				GCC_WARN_UNINITIALIZED_AUTOS = YES_AGGRESSIVE;
				GCC_WARN_UNUSED_FUNCTION = YES;
				GCC_WARN_UNUSED_VARIABLE = YES;
				IPHONEOS_DEPLOYMENT_TARGET = 10.2;
				MTL_ENABLE_DEBUG_INFO = YES;
				ONLY_ACTIVE_ARCH = YES;
				SDKROOT = iphoneos;
				SWIFT_ACTIVE_COMPILATION_CONDITIONS = DEBUG;
				SWIFT_OPTIMIZATION_LEVEL = "-Onone";
				TARGETED_DEVICE_FAMILY = "1,2";
			};
			name = Debug;
		};
		3ACD37051E52544700BC7B37 /* Release */ = {
			isa = XCBuildConfiguration;
			buildSettings = {
				ALWAYS_SEARCH_USER_PATHS = NO;
				CLANG_ANALYZER_NONNULL = YES;
				CLANG_CXX_LANGUAGE_STANDARD = "gnu++0x";
				CLANG_CXX_LIBRARY = "libc++";
				CLANG_ENABLE_MODULES = YES;
				CLANG_ENABLE_OBJC_ARC = YES;
				CLANG_WARN_BOOL_CONVERSION = YES;
				CLANG_WARN_CONSTANT_CONVERSION = YES;
				CLANG_WARN_DIRECT_OBJC_ISA_USAGE = YES_ERROR;
				CLANG_WARN_DOCUMENTATION_COMMENTS = YES;
				CLANG_WARN_EMPTY_BODY = YES;
				CLANG_WARN_ENUM_CONVERSION = YES;
				CLANG_WARN_INFINITE_RECURSION = YES;
				CLANG_WARN_INT_CONVERSION = YES;
				CLANG_WARN_OBJC_ROOT_CLASS = YES_ERROR;
				CLANG_WARN_SUSPICIOUS_MOVE = YES;
				CLANG_WARN_UNREACHABLE_CODE = YES;
				CLANG_WARN__DUPLICATE_METHOD_MATCH = YES;
				"CODE_SIGN_IDENTITY[sdk=iphoneos*]" = "iPhone Developer";
				COPY_PHASE_STRIP = NO;
				DEBUG_INFORMATION_FORMAT = "dwarf-with-dsym";
				ENABLE_NS_ASSERTIONS = NO;
				ENABLE_STRICT_OBJC_MSGSEND = YES;
				GCC_C_LANGUAGE_STANDARD = gnu99;
				GCC_NO_COMMON_BLOCKS = YES;
				GCC_WARN_64_TO_32_BIT_CONVERSION = YES;
				GCC_WARN_ABOUT_RETURN_TYPE = YES_ERROR;
				GCC_WARN_UNDECLARED_SELECTOR = YES;
				GCC_WARN_UNINITIALIZED_AUTOS = YES_AGGRESSIVE;
				GCC_WARN_UNUSED_FUNCTION = YES;
				GCC_WARN_UNUSED_VARIABLE = YES;
				IPHONEOS_DEPLOYMENT_TARGET = 10.2;
				MTL_ENABLE_DEBUG_INFO = NO;
				SDKROOT = iphoneos;
				SWIFT_OPTIMIZATION_LEVEL = "-Owholemodule";
				TARGETED_DEVICE_FAMILY = "1,2";
				VALIDATE_PRODUCT = YES;
			};
			name = Release;
		};
		3ACD37071E52544700BC7B37 /* Debug */ = {
			isa = XCBuildConfiguration;
			buildSettings = {
				ASSETCATALOG_COMPILER_APPICON_NAME = AppIcon;
				INFOPLIST_FILE = "Outlets and Actions/Info.plist";
				LD_RUNPATH_SEARCH_PATHS = "$(inherited) @executable_path/Frameworks";
				PRODUCT_BUNDLE_IDENTIFIER = "HPTECH.Outlets-and-Actions";
				PRODUCT_NAME = "$(TARGET_NAME)";
				SWIFT_VERSION = 3.0;
			};
			name = Debug;
		};
		3ACD37081E52544700BC7B37 /* Release */ = {
			isa = XCBuildConfiguration;
			buildSettings = {
				ASSETCATALOG_COMPILER_APPICON_NAME = AppIcon;
				INFOPLIST_FILE = "Outlets and Actions/Info.plist";
				LD_RUNPATH_SEARCH_PATHS = "$(inherited) @executable_path/Frameworks";
				PRODUCT_BUNDLE_IDENTIFIER = "HPTECH.Outlets-and-Actions";
				PRODUCT_NAME = "$(TARGET_NAME)";
				SWIFT_VERSION = 3.0;
			};
			name = Release;
		};
		3ACD370A1E52544700BC7B37 /* Debug */ = {
			isa = XCBuildConfiguration;
			buildSettings = {
				ALWAYS_EMBED_SWIFT_STANDARD_LIBRARIES = YES;
				BUNDLE_LOADER = "$(TEST_HOST)";
				INFOPLIST_FILE = "Outlets and ActionsTests/Info.plist";
				LD_RUNPATH_SEARCH_PATHS = "$(inherited) @executable_path/Frameworks @loader_path/Frameworks";
				PRODUCT_BUNDLE_IDENTIFIER = "HPTECH.Outlets-and-ActionsTests";
				PRODUCT_NAME = "$(TARGET_NAME)";
				SWIFT_VERSION = 3.0;
				TEST_HOST = "$(BUILT_PRODUCTS_DIR)/Outlets and Actions.app/Outlets and Actions";
			};
			name = Debug;
		};
		3ACD370B1E52544700BC7B37 /* Release */ = {
			isa = XCBuildConfiguration;
			buildSettings = {
				ALWAYS_EMBED_SWIFT_STANDARD_LIBRARIES = YES;
				BUNDLE_LOADER = "$(TEST_HOST)";
				INFOPLIST_FILE = "Outlets and ActionsTests/Info.plist";
				LD_RUNPATH_SEARCH_PATHS = "$(inherited) @executable_path/Frameworks @loader_path/Frameworks";
				PRODUCT_BUNDLE_IDENTIFIER = "HPTECH.Outlets-and-ActionsTests";
				PRODUCT_NAME = "$(TARGET_NAME)";
				SWIFT_VERSION = 3.0;
				TEST_HOST = "$(BUILT_PRODUCTS_DIR)/Outlets and Actions.app/Outlets and Actions";
			};
			name = Release;
		};
		3ACD370D1E52544700BC7B37 /* Debug */ = {
			isa = XCBuildConfiguration;
			buildSettings = {
				ALWAYS_EMBED_SWIFT_STANDARD_LIBRARIES = YES;
				INFOPLIST_FILE = "Outlets and ActionsUITests/Info.plist";
				LD_RUNPATH_SEARCH_PATHS = "$(inherited) @executable_path/Frameworks @loader_path/Frameworks";
				PRODUCT_BUNDLE_IDENTIFIER = "HPTECH.Outlets-and-ActionsUITests";
				PRODUCT_NAME = "$(TARGET_NAME)";
				SWIFT_VERSION = 3.0;
				TEST_TARGET_NAME = "Outlets and Actions";
			};
			name = Debug;
		};
		3ACD370E1E52544700BC7B37 /* Release */ = {
			isa = XCBuildConfiguration;
			buildSettings = {
				ALWAYS_EMBED_SWIFT_STANDARD_LIBRARIES = YES;
				INFOPLIST_FILE = "Outlets and ActionsUITests/Info.plist";
				LD_RUNPATH_SEARCH_PATHS = "$(inherited) @executable_path/Frameworks @loader_path/Frameworks";
				PRODUCT_BUNDLE_IDENTIFIER = "HPTECH.Outlets-and-ActionsUITests";
				PRODUCT_NAME = "$(TARGET_NAME)";
				SWIFT_VERSION = 3.0;
				TEST_TARGET_NAME = "Outlets and Actions";
			};
			name = Release;
		};
/* End XCBuildConfiguration section */

/* Begin XCConfigurationList section */
		3ACD36D91E52544700BC7B37 /* Build configuration list for PBXProject "Outlets and Actions" */ = {
			isa = XCConfigurationList;
			buildConfigurations = (
				3ACD37041E52544700BC7B37 /* Debug */,
				3ACD37051E52544700BC7B37 /* Release */,
			);
			defaultConfigurationIsVisible = 0;
			defaultConfigurationName = Release;
		};
		3ACD37061E52544700BC7B37 /* Build configuration list for PBXNativeTarget "Outlets and Actions" */ = {
			isa = XCConfigurationList;
			buildConfigurations = (
				3ACD37071E52544700BC7B37 /* Debug */,
				3ACD37081E52544700BC7B37 /* Release */,
			);
			defaultConfigurationIsVisible = 0;
		};
		3ACD37091E52544700BC7B37 /* Build configuration list for PBXNativeTarget "Outlets and ActionsTests" */ = {
			isa = XCConfigurationList;
			buildConfigurations = (
				3ACD370A1E52544700BC7B37 /* Debug */,
				3ACD370B1E52544700BC7B37 /* Release */,
			);
			defaultConfigurationIsVisible = 0;
		};
		3ACD370C1E52544700BC7B37 /* Build configuration list for PBXNativeTarget "Outlets and ActionsUITests" */ = {
			isa = XCConfigurationList;
			buildConfigurations = (
				3ACD370D1E52544700BC7B37 /* Debug */,
				3ACD370E1E52544700BC7B37 /* Release */,
			);
			defaultConfigurationIsVisible = 0;
		};
/* End XCConfigurationList section */
	};
	rootObject = 3ACD36D61E52544700BC7B37 /* Project object */;
}
